// !$*UTF8*$!
{
	archiveVersion = 1;
	classes = {
	};
	objectVersion = 50;
	objects = {

/* Begin PBXBuildFile section */
		BA5E632E210DCD3B00D991F3 /* NYTimesCollectionViewCell.swift in Sources */ = {isa = PBXBuildFile; fileRef = BA5E632D210DCD3B00D991F3 /* NYTimesCollectionViewCell.swift */; };
		BA98639220F6985100B62AA4 /* AppDelegate.swift in Sources */ = {isa = PBXBuildFile; fileRef = BA98639120F6985100B62AA4 /* AppDelegate.swift */; };
		BA98639420F6985100B62AA4 /* NYTimesFeedViewController.swift in Sources */ = {isa = PBXBuildFile; fileRef = BA98639320F6985100B62AA4 /* NYTimesFeedViewController.swift */; };
		BA98639720F6985100B62AA4 /* Main.storyboard in Resources */ = {isa = PBXBuildFile; fileRef = BA98639520F6985100B62AA4 /* Main.storyboard */; };
		BA98639920F6985300B62AA4 /* Assets.xcassets in Resources */ = {isa = PBXBuildFile; fileRef = BA98639820F6985300B62AA4 /* Assets.xcassets */; };
		BA98639C20F6985300B62AA4 /* LaunchScreen.storyboard in Resources */ = {isa = PBXBuildFile; fileRef = BA98639A20F6985300B62AA4 /* LaunchScreen.storyboard */; };
		BA9863A720F6985300B62AA4 /* NYTimesTests.swift in Sources */ = {isa = PBXBuildFile; fileRef = BA9863A620F6985300B62AA4 /* NYTimesTests.swift */; };
		BA9863B220F6985300B62AA4 /* NYTimesUITests.swift in Sources */ = {isa = PBXBuildFile; fileRef = BA9863B120F6985300B62AA4 /* NYTimesUITests.swift */; };
		BA9863C920F6B6ED00B62AA4 /* NewsClient.swift in Sources */ = {isa = PBXBuildFile; fileRef = BA9863C220F6B6ED00B62AA4 /* NewsClient.swift */; };
		BA9863CA20F6B6ED00B62AA4 /* GenericAPIClient.swift in Sources */ = {isa = PBXBuildFile; fileRef = BA9863C320F6B6ED00B62AA4 /* GenericAPIClient.swift */; };
		BA9863CB20F6B6ED00B62AA4 /* Result.swift in Sources */ = {isa = PBXBuildFile; fileRef = BA9863C420F6B6ED00B62AA4 /* Result.swift */; };
		BA9863CC20F6B6ED00B62AA4 /* Endpoint.swift in Sources */ = {isa = PBXBuildFile; fileRef = BA9863C520F6B6ED00B62AA4 /* Endpoint.swift */; };
		BA9863CD20F6B6ED00B62AA4 /* NewsFeedResult.swift in Sources */ = {isa = PBXBuildFile; fileRef = BA9863C720F6B6ED00B62AA4 /* NewsFeedResult.swift */; };
		BA9863CE20F6B6ED00B62AA4 /* News.swift in Sources */ = {isa = PBXBuildFile; fileRef = BA9863C820F6B6ED00B62AA4 /* News.swift */; };
		BA9863D020F6BA0D00B62AA4 /* NYTimesNewsDetailViewController.swift in Sources */ = {isa = PBXBuildFile; fileRef = BA9863CF20F6BA0D00B62AA4 /* NYTimesNewsDetailViewController.swift */; };
		CBDBDD57A393676D4D7A2B70 /* Pods_NYTimes.framework in Frameworks */ = {isa = PBXBuildFile; fileRef = 0C92DC0F88921E74BA133BA8 /* Pods_NYTimes.framework */; };
/* End PBXBuildFile section */

/* Begin PBXContainerItemProxy section */
		BA9863A320F6985300B62AA4 /* PBXContainerItemProxy */ = {
			isa = PBXContainerItemProxy;
			containerPortal = BA98638620F6985100B62AA4 /* Project object */;
			proxyType = 1;
			remoteGlobalIDString = BA98638D20F6985100B62AA4;
			remoteInfo = NYTimes;
		};
		BA9863AE20F6985300B62AA4 /* PBXContainerItemProxy */ = {
			isa = PBXContainerItemProxy;
			containerPortal = BA98638620F6985100B62AA4 /* Project object */;
			proxyType = 1;
			remoteGlobalIDString = BA98638D20F6985100B62AA4;
			remoteInfo = NYTimes;
		};
/* End PBXContainerItemProxy section */

/* Begin PBXFileReference section */
		0C92DC0F88921E74BA133BA8 /* Pods_NYTimes.framework */ = {isa = PBXFileReference; explicitFileType = wrapper.framework; includeInIndex = 0; path = Pods_NYTimes.framework; sourceTree = BUILT_PRODUCTS_DIR; };
		A86E0B713F1857486529D160 /* Pods-NYTimes.release.xcconfig */ = {isa = PBXFileReference; includeInIndex = 1; lastKnownFileType = text.xcconfig; name = "Pods-NYTimes.release.xcconfig"; path = "Pods/Target Support Files/Pods-NYTimes/Pods-NYTimes.release.xcconfig"; sourceTree = "<group>"; };
		AF86EF2E10E1A8003B9A14BB /* Pods-NYTimes.debug.xcconfig */ = {isa = PBXFileReference; includeInIndex = 1; lastKnownFileType = text.xcconfig; name = "Pods-NYTimes.debug.xcconfig"; path = "Pods/Target Support Files/Pods-NYTimes/Pods-NYTimes.debug.xcconfig"; sourceTree = "<group>"; };
		BA5E632D210DCD3B00D991F3 /* NYTimesCollectionViewCell.swift */ = {isa = PBXFileReference; lastKnownFileType = sourcecode.swift; path = NYTimesCollectionViewCell.swift; sourceTree = "<group>"; };
		BA98638E20F6985100B62AA4 /* NYTimes.app */ = {isa = PBXFileReference; explicitFileType = wrapper.application; includeInIndex = 0; path = NYTimes.app; sourceTree = BUILT_PRODUCTS_DIR; };
		BA98639120F6985100B62AA4 /* AppDelegate.swift */ = {isa = PBXFileReference; lastKnownFileType = sourcecode.swift; path = AppDelegate.swift; sourceTree = "<group>"; };
		BA98639320F6985100B62AA4 /* NYTimesFeedViewController.swift */ = {isa = PBXFileReference; lastKnownFileType = sourcecode.swift; path = NYTimesFeedViewController.swift; sourceTree = "<group>"; };
		BA98639620F6985100B62AA4 /* Base */ = {isa = PBXFileReference; lastKnownFileType = file.storyboard; name = Base; path = Base.lproj/Main.storyboard; sourceTree = "<group>"; };
		BA98639820F6985300B62AA4 /* Assets.xcassets */ = {isa = PBXFileReference; lastKnownFileType = folder.assetcatalog; path = Assets.xcassets; sourceTree = "<group>"; };
		BA98639B20F6985300B62AA4 /* Base */ = {isa = PBXFileReference; lastKnownFileType = file.storyboard; name = Base; path = Base.lproj/LaunchScreen.storyboard; sourceTree = "<group>"; };
		BA98639D20F6985300B62AA4 /* Info.plist */ = {isa = PBXFileReference; lastKnownFileType = text.plist.xml; path = Info.plist; sourceTree = "<group>"; };
		BA9863A220F6985300B62AA4 /* NYTimesTests.xctest */ = {isa = PBXFileReference; explicitFileType = wrapper.cfbundle; includeInIndex = 0; path = NYTimesTests.xctest; sourceTree = BUILT_PRODUCTS_DIR; };
		BA9863A620F6985300B62AA4 /* NYTimesTests.swift */ = {isa = PBXFileReference; lastKnownFileType = sourcecode.swift; path = NYTimesTests.swift; sourceTree = "<group>"; };
		BA9863A820F6985300B62AA4 /* Info.plist */ = {isa = PBXFileReference; lastKnownFileType = text.plist.xml; path = Info.plist; sourceTree = "<group>"; };
		BA9863AD20F6985300B62AA4 /* NYTimesUITests.xctest */ = {isa = PBXFileReference; explicitFileType = wrapper.cfbundle; includeInIndex = 0; path = NYTimesUITests.xctest; sourceTree = BUILT_PRODUCTS_DIR; };
		BA9863B120F6985300B62AA4 /* NYTimesUITests.swift */ = {isa = PBXFileReference; lastKnownFileType = sourcecode.swift; path = NYTimesUITests.swift; sourceTree = "<group>"; };
		BA9863B320F6985300B62AA4 /* Info.plist */ = {isa = PBXFileReference; lastKnownFileType = text.plist.xml; path = Info.plist; sourceTree = "<group>"; };
		BA9863C220F6B6ED00B62AA4 /* NewsClient.swift */ = {isa = PBXFileReference; fileEncoding = 4; lastKnownFileType = sourcecode.swift; path = NewsClient.swift; sourceTree = "<group>"; };
		BA9863C320F6B6ED00B62AA4 /* GenericAPIClient.swift */ = {isa = PBXFileReference; fileEncoding = 4; lastKnownFileType = sourcecode.swift; path = GenericAPIClient.swift; sourceTree = "<group>"; };
		BA9863C420F6B6ED00B62AA4 /* Result.swift */ = {isa = PBXFileReference; fileEncoding = 4; lastKnownFileType = sourcecode.swift; path = Result.swift; sourceTree = "<group>"; };
		BA9863C520F6B6ED00B62AA4 /* Endpoint.swift */ = {isa = PBXFileReference; fileEncoding = 4; lastKnownFileType = sourcecode.swift; path = Endpoint.swift; sourceTree = "<group>"; };
		BA9863C720F6B6ED00B62AA4 /* NewsFeedResult.swift */ = {isa = PBXFileReference; fileEncoding = 4; lastKnownFileType = sourcecode.swift; path = NewsFeedResult.swift; sourceTree = "<group>"; };
		BA9863C820F6B6ED00B62AA4 /* News.swift */ = {isa = PBXFileReference; fileEncoding = 4; lastKnownFileType = sourcecode.swift; path = News.swift; sourceTree = "<group>"; };
		BA9863CF20F6BA0D00B62AA4 /* NYTimesNewsDetailViewController.swift */ = {isa = PBXFileReference; lastKnownFileType = sourcecode.swift; path = NYTimesNewsDetailViewController.swift; sourceTree = "<group>"; };
/* End PBXFileReference section */

/* Begin PBXFrameworksBuildPhase section */
		BA98638B20F6985100B62AA4 /* Frameworks */ = {
			isa = PBXFrameworksBuildPhase;
			buildActionMask = 2147483647;
			files = (
				CBDBDD57A393676D4D7A2B70 /* Pods_NYTimes.framework in Frameworks */,
			);
			runOnlyForDeploymentPostprocessing = 0;
		};
		BA98639F20F6985300B62AA4 /* Frameworks */ = {
			isa = PBXFrameworksBuildPhase;
			buildActionMask = 2147483647;
			files = (
			);
			runOnlyForDeploymentPostprocessing = 0;
		};
		BA9863AA20F6985300B62AA4 /* Frameworks */ = {
			isa = PBXFrameworksBuildPhase;
			buildActionMask = 2147483647;
			files = (
			);
			runOnlyForDeploymentPostprocessing = 0;
		};
/* End PBXFrameworksBuildPhase section */

/* Begin PBXGroup section */
		8A9D34FEB32C28138C3CAEAB /* Frameworks */ = {
			isa = PBXGroup;
			children = (
				0C92DC0F88921E74BA133BA8 /* Pods_NYTimes.framework */,
			);
			name = Frameworks;
			sourceTree = "<group>";
		};
		BA98638520F6985100B62AA4 = {
			isa = PBXGroup;
			children = (
				BA98639020F6985100B62AA4 /* NYTimes */,
				BA9863A520F6985300B62AA4 /* NYTimesTests */,
				BA9863B020F6985300B62AA4 /* NYTimesUITests */,
				BA98638F20F6985100B62AA4 /* Products */,
				FB7344BFC1856B65AF9C98D1 /* Pods */,
				8A9D34FEB32C28138C3CAEAB /* Frameworks */,
			);
			sourceTree = "<group>";
		};
		BA98638F20F6985100B62AA4 /* Products */ = {
			isa = PBXGroup;
			children = (
				BA98638E20F6985100B62AA4 /* NYTimes.app */,
				BA9863A220F6985300B62AA4 /* NYTimesTests.xctest */,
				BA9863AD20F6985300B62AA4 /* NYTimesUITests.xctest */,
			);
			name = Products;
			sourceTree = "<group>";
		};
		BA98639020F6985100B62AA4 /* NYTimes */ = {
			isa = PBXGroup;
			children = (
				BA98639120F6985100B62AA4 /* AppDelegate.swift */,
				BA98639320F6985100B62AA4 /* NYTimesFeedViewController.swift */,
				BA9863CF20F6BA0D00B62AA4 /* NYTimesNewsDetailViewController.swift */,
				BA5E632D210DCD3B00D991F3 /* NYTimesCollectionViewCell.swift */,
				BA98639520F6985100B62AA4 /* Main.storyboard */,
				BA9863C620F6B6ED00B62AA4 /* Model */,
				BA9863C120F6B6ED00B62AA4 /* Networking */,
				BA98639820F6985300B62AA4 /* Assets.xcassets */,
				BA98639A20F6985300B62AA4 /* LaunchScreen.storyboard */,
				BA98639D20F6985300B62AA4 /* Info.plist */,
			);
			path = NYTimes;
			sourceTree = "<group>";
		};
		BA9863A520F6985300B62AA4 /* NYTimesTests */ = {
			isa = PBXGroup;
			children = (
				BA9863A620F6985300B62AA4 /* NYTimesTests.swift */,
				BA9863A820F6985300B62AA4 /* Info.plist */,
			);
			path = NYTimesTests;
			sourceTree = "<group>";
		};
		BA9863B020F6985300B62AA4 /* NYTimesUITests */ = {
			isa = PBXGroup;
			children = (
				BA9863B120F6985300B62AA4 /* NYTimesUITests.swift */,
				BA9863B320F6985300B62AA4 /* Info.plist */,
			);
			path = NYTimesUITests;
			sourceTree = "<group>";
		};
		BA9863C120F6B6ED00B62AA4 /* Networking */ = {
			isa = PBXGroup;
			children = (
				BA9863C220F6B6ED00B62AA4 /* NewsClient.swift */,
				BA9863C320F6B6ED00B62AA4 /* GenericAPIClient.swift */,
				BA9863C420F6B6ED00B62AA4 /* Result.swift */,
				BA9863C520F6B6ED00B62AA4 /* Endpoint.swift */,
			);
			path = Networking;
			sourceTree = "<group>";
		};
		BA9863C620F6B6ED00B62AA4 /* Model */ = {
			isa = PBXGroup;
			children = (
				BA9863C720F6B6ED00B62AA4 /* NewsFeedResult.swift */,
				BA9863C820F6B6ED00B62AA4 /* News.swift */,
			);
			path = Model;
			sourceTree = "<group>";
		};
		FB7344BFC1856B65AF9C98D1 /* Pods */ = {
			isa = PBXGroup;
			children = (
				AF86EF2E10E1A8003B9A14BB /* Pods-NYTimes.debug.xcconfig */,
				A86E0B713F1857486529D160 /* Pods-NYTimes.release.xcconfig */,
			);
			name = Pods;
			sourceTree = "<group>";
		};
/* End PBXGroup section */

/* Begin PBXNativeTarget section */
		BA98638D20F6985100B62AA4 /* NYTimes */ = {
			isa = PBXNativeTarget;
			buildConfigurationList = BA9863B620F6985300B62AA4 /* Build configuration list for PBXNativeTarget "NYTimes" */;
			buildPhases = (
				3E0C6FE150EAF27A3F45FE84 /* [CP] Check Pods Manifest.lock */,
				BA98638A20F6985100B62AA4 /* Sources */,
				BA98638B20F6985100B62AA4 /* Frameworks */,
				BA98638C20F6985100B62AA4 /* Resources */,
				E1C7A4F6CD53C5F12724EBA0 /* [CP] Embed Pods Frameworks */,
			);
			buildRules = (
			);
			dependencies = (
			);
			name = NYTimes;
			productName = NYTimes;
			productReference = BA98638E20F6985100B62AA4 /* NYTimes.app */;
			productType = "com.apple.product-type.application";
		};
		BA9863A120F6985300B62AA4 /* NYTimesTests */ = {
			isa = PBXNativeTarget;
			buildConfigurationList = BA9863B920F6985300B62AA4 /* Build configuration list for PBXNativeTarget "NYTimesTests" */;
			buildPhases = (
				BA98639E20F6985300B62AA4 /* Sources */,
				BA98639F20F6985300B62AA4 /* Frameworks */,
				BA9863A020F6985300B62AA4 /* Resources */,
			);
			buildRules = (
			);
			dependencies = (
				BA9863A420F6985300B62AA4 /* PBXTargetDependency */,
			);
			name = NYTimesTests;
			productName = NYTimesTests;
			productReference = BA9863A220F6985300B62AA4 /* NYTimesTests.xctest */;
			productType = "com.apple.product-type.bundle.unit-test";
		};
		BA9863AC20F6985300B62AA4 /* NYTimesUITests */ = {
			isa = PBXNativeTarget;
			buildConfigurationList = BA9863BC20F6985300B62AA4 /* Build configuration list for PBXNativeTarget "NYTimesUITests" */;
			buildPhases = (
				BA9863A920F6985300B62AA4 /* Sources */,
				BA9863AA20F6985300B62AA4 /* Frameworks */,
				BA9863AB20F6985300B62AA4 /* Resources */,
			);
			buildRules = (
			);
			dependencies = (
				BA9863AF20F6985300B62AA4 /* PBXTargetDependency */,
			);
			name = NYTimesUITests;
			productName = NYTimesUITests;
			productReference = BA9863AD20F6985300B62AA4 /* NYTimesUITests.xctest */;
			productType = "com.apple.product-type.bundle.ui-testing";
		};
/* End PBXNativeTarget section */

/* Begin PBXProject section */
		BA98638620F6985100B62AA4 /* Project object */ = {
			isa = PBXProject;
			attributes = {
				LastSwiftUpdateCheck = 0940;
				LastUpgradeCheck = 0940;
				ORGANIZATIONNAME = "Sanjay Shingarwad";
				TargetAttributes = {
					BA98638D20F6985100B62AA4 = {
						CreatedOnToolsVersion = 9.4.1;
					};
					BA9863A120F6985300B62AA4 = {
						CreatedOnToolsVersion = 9.4.1;
						TestTargetID = BA98638D20F6985100B62AA4;
					};
					BA9863AC20F6985300B62AA4 = {
						CreatedOnToolsVersion = 9.4.1;
						TestTargetID = BA98638D20F6985100B62AA4;
					};
				};
			};
			buildConfigurationList = BA98638920F6985100B62AA4 /* Build configuration list for PBXProject "NYTimes" */;
			compatibilityVersion = "Xcode 9.3";
			developmentRegion = en;
			hasScannedForEncodings = 0;
			knownRegions = (
				en,
				Base,
			);
			mainGroup = BA98638520F6985100B62AA4;
			productRefGroup = BA98638F20F6985100B62AA4 /* Products */;
			projectDirPath = "";
			projectRoot = "";
			targets = (
				BA98638D20F6985100B62AA4 /* NYTimes */,
				BA9863A120F6985300B62AA4 /* NYTimesTests */,
				BA9863AC20F6985300B62AA4 /* NYTimesUITests */,
			);
		};
/* End PBXProject section */

/* Begin PBXResourcesBuildPhase section */
		BA98638C20F6985100B62AA4 /* Resources */ = {
			isa = PBXResourcesBuildPhase;
			buildActionMask = 2147483647;
			files = (
				BA98639C20F6985300B62AA4 /* LaunchScreen.storyboard in Resources */,
				BA98639920F6985300B62AA4 /* Assets.xcassets in Resources */,
				BA98639720F6985100B62AA4 /* Main.storyboard in Resources */,
			);
			runOnlyForDeploymentPostprocessing = 0;
		};
		BA9863A020F6985300B62AA4 /* Resources */ = {
			isa = PBXResourcesBuildPhase;
			buildActionMask = 2147483647;
			files = (
			);
			runOnlyForDeploymentPostprocessing = 0;
		};
		BA9863AB20F6985300B62AA4 /* Resources */ = {
			isa = PBXResourcesBuildPhase;
			buildActionMask = 2147483647;
			files = (
			);
			runOnlyForDeploymentPostprocessing = 0;
		};
/* End PBXResourcesBuildPhase section */

/* Begin PBXShellScriptBuildPhase section */
		3E0C6FE150EAF27A3F45FE84 /* [CP] Check Pods Manifest.lock */ = {
			isa = PBXShellScriptBuildPhase;
			buildActionMask = 2147483647;
			files = (
			);
			inputPaths = (
				"${PODS_PODFILE_DIR_PATH}/Podfile.lock",
				"${PODS_ROOT}/Manifest.lock",
			);
			name = "[CP] Check Pods Manifest.lock";
			outputPaths = (
				"$(DERIVED_FILE_DIR)/Pods-NYTimes-checkManifestLockResult.txt",
			);
			runOnlyForDeploymentPostprocessing = 0;
			shellPath = /bin/sh;
			shellScript = "diff \"${PODS_PODFILE_DIR_PATH}/Podfile.lock\" \"${PODS_ROOT}/Manifest.lock\" > /dev/null\nif [ $? != 0 ] ; then\n    # print error to STDERR\n    echo \"error: The sandbox is not in sync with the Podfile.lock. Run 'pod install' or update your CocoaPods installation.\" >&2\n    exit 1\nfi\n# This output is used by Xcode 'outputs' to avoid re-running this script phase.\necho \"SUCCESS\" > \"${SCRIPT_OUTPUT_FILE_0}\"\n";
			showEnvVarsInLog = 0;
		};
		E1C7A4F6CD53C5F12724EBA0 /* [CP] Embed Pods Frameworks */ = {
			isa = PBXShellScriptBuildPhase;
			buildActionMask = 2147483647;
			files = (
			);
			inputPaths = (
				"${SRCROOT}/Pods/Target Support Files/Pods-NYTimes/Pods-NYTimes-frameworks.sh",
				"${BUILT_PRODUCTS_DIR}/Kingfisher/Kingfisher.framework",
			);
			name = "[CP] Embed Pods Frameworks";
			outputPaths = (
				"${TARGET_BUILD_DIR}/${FRAMEWORKS_FOLDER_PATH}/Kingfisher.framework",
			);
			runOnlyForDeploymentPostprocessing = 0;
			shellPath = /bin/sh;
			shellScript = "\"${SRCROOT}/Pods/Target Support Files/Pods-NYTimes/Pods-NYTimes-frameworks.sh\"\n";
			showEnvVarsInLog = 0;
		};
/* End PBXShellScriptBuildPhase section */

/* Begin PBXSourcesBuildPhase section */
		BA98638A20F6985100B62AA4 /* Sources */ = {
			isa = PBXSourcesBuildPhase;
			buildActionMask = 2147483647;
			files = (
				BA9863CC20F6B6ED00B62AA4 /* Endpoint.swift in Sources */,
				BA9863CB20F6B6ED00B62AA4 /* Result.swift in Sources */,
				BA9863D020F6BA0D00B62AA4 /* NYTimesNewsDetailViewController.swift in Sources */,
				BA5E632E210DCD3B00D991F3 /* NYTimesCollectionViewCell.swift in Sources */,
				BA98639420F6985100B62AA4 /* NYTimesFeedViewController.swift in Sources */,
				BA9863CE20F6B6ED00B62AA4 /* News.swift in Sources */,
				BA98639220F6985100B62AA4 /* AppDelegate.swift in Sources */,
				BA9863CA20F6B6ED00B62AA4 /* GenericAPIClient.swift in Sources */,
				BA9863C920F6B6ED00B62AA4 /* NewsClient.swift in Sources */,
				BA9863CD20F6B6ED00B62AA4 /* NewsFeedResult.swift in Sources */,
			);
			runOnlyForDeploymentPostprocessing = 0;
		};
		BA98639E20F6985300B62AA4 /* Sources */ = {
			isa = PBXSourcesBuildPhase;
			buildActionMask = 2147483647;
			files = (
				BA9863A720F6985300B62AA4 /* NYTimesTests.swift in Sources */,
			);
			runOnlyForDeploymentPostprocessing = 0;
		};
		BA9863A920F6985300B62AA4 /* Sources */ = {
			isa = PBXSourcesBuildPhase;
			buildActionMask = 2147483647;
			files = (
				BA9863B220F6985300B62AA4 /* NYTimesUITests.swift in Sources */,
			);
			runOnlyForDeploymentPostprocessing = 0;
		};
/* End PBXSourcesBuildPhase section */

/* Begin PBXTargetDependency section */
		BA9863A420F6985300B62AA4 /* PBXTargetDependency */ = {
			isa = PBXTargetDependency;
			target = BA98638D20F6985100B62AA4 /* NYTimes */;
			targetProxy = BA9863A320F6985300B62AA4 /* PBXContainerItemProxy */;
		};
		BA9863AF20F6985300B62AA4 /* PBXTargetDependency */ = {
			isa = PBXTargetDependency;
			target = BA98638D20F6985100B62AA4 /* NYTimes */;
			targetProxy = BA9863AE20F6985300B62AA4 /* PBXContainerItemProxy */;
		};
/* End PBXTargetDependency section */

/* Begin PBXVariantGroup section */
		BA98639520F6985100B62AA4 /* Main.storyboard */ = {
			isa = PBXVariantGroup;
			children = (
				BA98639620F6985100B62AA4 /* Base */,
			);
			name = Main.storyboard;
			sourceTree = "<group>";
		};
		BA98639A20F6985300B62AA4 /* LaunchScreen.storyboard */ = {
			isa = PBXVariantGroup;
			children = (
				BA98639B20F6985300B62AA4 /* Base */,
			);
			name = LaunchScreen.storyboard;
			sourceTree = "<group>";
		};
/* End PBXVariantGroup section */

/* Begin XCBuildConfiguration section */
		BA9863B420F6985300B62AA4 /* Debug */ = {
			isa = XCBuildConfiguration;
			buildSettings = {
				ALWAYS_SEARCH_USER_PATHS = NO;
				CLANG_ANALYZER_NONNULL = YES;
				CLANG_ANALYZER_NUMBER_OBJECT_CONVERSION = YES_AGGRESSIVE;
				CLANG_CXX_LANGUAGE_STANDARD = "gnu++14";
				CLANG_CXX_LIBRARY = "libc++";
				CLANG_ENABLE_MODULES = YES;
				CLANG_ENABLE_OBJC_ARC = YES;
				CLANG_ENABLE_OBJC_WEAK = YES;
				CLANG_WARN_BLOCK_CAPTURE_AUTORELEASING = YES;
				CLANG_WARN_BOOL_CONVERSION = YES;
				CLANG_WARN_COMMA = YES;
				CLANG_WARN_CONSTANT_CONVERSION = YES;
				CLANG_WARN_DEPRECATED_OBJC_IMPLEMENTATIONS = YES;
				CLANG_WARN_DIRECT_OBJC_ISA_USAGE = YES_ERROR;
				CLANG_WARN_DOCUMENTATION_COMMENTS = YES;
				CLANG_WARN_EMPTY_BODY = YES;
				CLANG_WARN_ENUM_CONVERSION = YES;
				CLANG_WARN_INFINITE_RECURSION = YES;
				CLANG_WARN_INT_CONVERSION = YES;
				CLANG_WARN_NON_LITERAL_NULL_CONVERSION = YES;
				CLANG_WARN_OBJC_IMPLICIT_RETAIN_SELF = YES;
				CLANG_WARN_OBJC_LITERAL_CONVERSION = YES;
				CLANG_WARN_OBJC_ROOT_CLASS = YES_ERROR;
				CLANG_WARN_RANGE_LOOP_ANALYSIS = YES;
				CLANG_WARN_STRICT_PROTOTYPES = YES;
				CLANG_WARN_SUSPICIOUS_MOVE = YES;
				CLANG_WARN_UNGUARDED_AVAILABILITY = YES_AGGRESSIVE;
				CLANG_WARN_UNREACHABLE_CODE = YES;
				CLANG_WARN__DUPLICATE_METHOD_MATCH = YES;
				CODE_SIGN_IDENTITY = "iPhone Developer";
				COPY_PHASE_STRIP = NO;
				DEBUG_INFORMATION_FORMAT = dwarf;
				ENABLE_STRICT_OBJC_MSGSEND = YES;
				ENABLE_TESTABILITY = YES;
				GCC_C_LANGUAGE_STANDARD = gnu11;
				GCC_DYNAMIC_NO_PIC = NO;
				GCC_NO_COMMON_BLOCKS = YES;
				GCC_OPTIMIZATION_LEVEL = 0;
				GCC_PREPROCESSOR_DEFINITIONS = (
					"DEBUG=1",
					"$(inherited)",
				);
				GCC_WARN_64_TO_32_BIT_CONVERSION = YES;
				GCC_WARN_ABOUT_RETURN_TYPE = YES_ERROR;
				GCC_WARN_UNDECLARED_SELECTOR = YES;
				GCC_WARN_UNINITIALIZED_AUTOS = YES_AGGRESSIVE;
				GCC_WARN_UNUSED_FUNCTION = YES;
				GCC_WARN_UNUSED_VARIABLE = YES;
				IPHONEOS_DEPLOYMENT_TARGET = 11.4;
				MTL_ENABLE_DEBUG_INFO = YES;
				ONLY_ACTIVE_ARCH = YES;
				SDKROOT = iphoneos;
				SWIFT_ACTIVE_COMPILATION_CONDITIONS = DEBUG;
				SWIFT_OPTIMIZATION_LEVEL = "-Onone";
			};
			name = Debug;
		};
		BA9863B520F6985300B62AA4 /* Release */ = {
			isa = XCBuildConfiguration;
			buildSettings = {
				ALWAYS_SEARCH_USER_PATHS = NO;
				CLANG_ANALYZER_NONNULL = YES;
				CLANG_ANALYZER_NUMBER_OBJECT_CONVERSION = YES_AGGRESSIVE;
				CLANG_CXX_LANGUAGE_STANDARD = "gnu++14";
				CLANG_CXX_LIBRARY = "libc++";
				CLANG_ENABLE_MODULES = YES;
				CLANG_ENABLE_OBJC_ARC = YES;
				CLANG_ENABLE_OBJC_WEAK = YES;
				CLANG_WARN_BLOCK_CAPTURE_AUTORELEASING = YES;
				CLANG_WARN_BOOL_CONVERSION = YES;
				CLANG_WARN_COMMA = YES;
				CLANG_WARN_CONSTANT_CONVERSION = YES;
				CLANG_WARN_DEPRECATED_OBJC_IMPLEMENTATIONS = YES;
				CLANG_WARN_DIRECT_OBJC_ISA_USAGE = YES_ERROR;
				CLANG_WARN_DOCUMENTATION_COMMENTS = YES;
				CLANG_WARN_EMPTY_BODY = YES;
				CLANG_WARN_ENUM_CONVERSION = YES;
				CLANG_WARN_INFINITE_RECURSION = YES;
				CLANG_WARN_INT_CONVERSION = YES;
				CLANG_WARN_NON_LITERAL_NULL_CONVERSION = YES;
				CLANG_WARN_OBJC_IMPLICIT_RETAIN_SELF = YES;
				CLANG_WARN_OBJC_LITERAL_CONVERSION = YES;
				CLANG_WARN_OBJC_ROOT_CLASS = YES_ERROR;
				CLANG_WARN_RANGE_LOOP_ANALYSIS = YES;
				CLANG_WARN_STRICT_PROTOTYPES = YES;
				CLANG_WARN_SUSPICIOUS_MOVE = YES;
				CLANG_WARN_UNGUARDED_AVAILABILITY = YES_AGGRESSIVE;
				CLANG_WARN_UNREACHABLE_CODE = YES;
				CLANG_WARN__DUPLICATE_METHOD_MATCH = YES;
				CODE_SIGN_IDENTITY = "iPhone Developer";
				COPY_PHASE_STRIP = NO;
				DEBUG_INFORMATION_FORMAT = "dwarf-with-dsym";
				ENABLE_NS_ASSERTIONS = NO;
				ENABLE_STRICT_OBJC_MSGSEND = YES;
				GCC_C_LANGUAGE_STANDARD = gnu11;
				GCC_NO_COMMON_BLOCKS = YES;
				GCC_WARN_64_TO_32_BIT_CONVERSION = YES;
				GCC_WARN_ABOUT_RETURN_TYPE = YES_ERROR;
				GCC_WARN_UNDECLARED_SELECTOR = YES;
				GCC_WARN_UNINITIALIZED_AUTOS = YES_AGGRESSIVE;
				GCC_WARN_UNUSED_FUNCTION = YES;
				GCC_WARN_UNUSED_VARIABLE = YES;
				IPHONEOS_DEPLOYMENT_TARGET = 11.4;
				MTL_ENABLE_DEBUG_INFO = NO;
				SDKROOT = iphoneos;
				SWIFT_COMPILATION_MODE = wholemodule;
				SWIFT_OPTIMIZATION_LEVEL = "-O";
				VALIDATE_PRODUCT = YES;
			};
			name = Release;
		};
		BA9863B720F6985300B62AA4 /* Debug */ = {
			isa = XCBuildConfiguration;
			baseConfigurationReference = AF86EF2E10E1A8003B9A14BB /* Pods-NYTimes.debug.xcconfig */;
			buildSettings = {
				ASSETCATALOG_COMPILER_APPICON_NAME = AppIcon;
				CODE_SIGN_STYLE = Automatic;
				INFOPLIST_FILE = NYTimes/Info.plist;
				LD_RUNPATH_SEARCH_PATHS = (
					"$(inherited)",
					"@executable_path/Frameworks",
				);
				PRODUCT_BUNDLE_IDENTIFIER = com.sb.NYTimes;
				PRODUCT_NAME = "$(TARGET_NAME)";
				SWIFT_VERSION = 4.0;
				TARGETED_DEVICE_FAMILY = "1,2";
			};
			name = Debug;
		};
		BA9863B820F6985300B62AA4 /* Release */ = {
			isa = XCBuildConfiguration;
			baseConfigurationReference = A86E0B713F1857486529D160 /* Pods-NYTimes.release.xcconfig */;
			buildSettings = {
				ASSETCATALOG_COMPILER_APPICON_NAME = AppIcon;
				CODE_SIGN_STYLE = Automatic;
				INFOPLIST_FILE = NYTimes/Info.plist;
				LD_RUNPATH_SEARCH_PATHS = (
					"$(inherited)",
					"@executable_path/Frameworks",
				);
				PRODUCT_BUNDLE_IDENTIFIER = com.sb.NYTimes;
				PRODUCT_NAME = "$(TARGET_NAME)";
				SWIFT_VERSION = 4.0;
				TARGETED_DEVICE_FAMILY = "1,2";
			};
			name = Release;
		};
		BA9863BA20F6985300B62AA4 /* Debug */ = {
			isa = XCBuildConfiguration;
			buildSettings = {
				ALWAYS_EMBED_SWIFT_STANDARD_LIBRARIES = YES;
				BUNDLE_LOADER = "$(TEST_HOST)";
				CODE_SIGN_STYLE = Automatic;
				INFOPLIST_FILE = NYTimesTests/Info.plist;
				LD_RUNPATH_SEARCH_PATHS = (
					"$(inherited)",
					"@executable_path/Frameworks",
					"@loader_path/Frameworks",
				);
				PRODUCT_BUNDLE_IDENTIFIER = com.sb.NYTimesTests;
				PRODUCT_NAME = "$(TARGET_NAME)";
				SWIFT_VERSION = 4.0;
				TARGETED_DEVICE_FAMILY = "1,2";
				TEST_HOST = "$(BUILT_PRODUCTS_DIR)/NYTimes.app/NYTimes";
			};
			name = Debug;
		};
		BA9863BB20F6985300B62AA4 /* Release */ = {
			isa = XCBuildConfiguration;
			buildSettings = {
				ALWAYS_EMBED_SWIFT_STANDARD_LIBRARIES = YES;
				BUNDLE_LOADER = "$(TEST_HOST)";
				CODE_SIGN_STYLE = Automatic;
				INFOPLIST_FILE = NYTimesTests/Info.plist;
				LD_RUNPATH_SEARCH_PATHS = (
					"$(inherited)",
					"@executable_path/Frameworks",
					"@loader_path/Frameworks",
				);
				PRODUCT_BUNDLE_IDENTIFIER = com.sb.NYTimesTests;
				PRODUCT_NAME = "$(TARGET_NAME)";
				SWIFT_VERSION = 4.0;
				TARGETED_DEVICE_FAMILY = "1,2";
				TEST_HOST = "$(BUILT_PRODUCTS_DIR)/NYTimes.app/NYTimes";
			};
			name = Release;
		};
		BA9863BD20F6985300B62AA4 /* Debug */ = {
			isa = XCBuildConfiguration;
			buildSettings = {
				ALWAYS_EMBED_SWIFT_STANDARD_LIBRARIES = YES;
				CODE_SIGN_STYLE = Automatic;
				INFOPLIST_FILE = NYTimesUITests/Info.plist;
				LD_RUNPATH_SEARCH_PATHS = (
					"$(inherited)",
					"@executable_path/Frameworks",
					"@loader_path/Frameworks",
				);
				PRODUCT_BUNDLE_IDENTIFIER = com.sb.NYTimesUITests;
				PRODUCT_NAME = "$(TARGET_NAME)";
				SWIFT_VERSION = 4.0;
				TARGETED_DEVICE_FAMILY = "1,2";
				TEST_TARGET_NAME = NYTimes;
			};
			name = Debug;
		};
		BA9863BE20F6985300B62AA4 /* Release */ = {
			isa = XCBuildConfiguration;
			buildSettings = {
				ALWAYS_EMBED_SWIFT_STANDARD_LIBRARIES = YES;
				CODE_SIGN_STYLE = Automatic;
				INFOPLIST_FILE = NYTimesUITests/Info.plist;
				LD_RUNPATH_SEARCH_PATHS = (
					"$(inherited)",
					"@executable_path/Frameworks",
					"@loader_path/Frameworks",
				);
				PRODUCT_BUNDLE_IDENTIFIER = com.sb.NYTimesUITests;
				PRODUCT_NAME = "$(TARGET_NAME)";
				SWIFT_VERSION = 4.0;
				TARGETED_DEVICE_FAMILY = "1,2";
				TEST_TARGET_NAME = NYTimes;
			};
			name = Release;
		};
/* End XCBuildConfiguration section */

/* Begin XCConfigurationList section */
		BA98638920F6985100B62AA4 /* Build configuration list for PBXProject "NYTimes" */ = {
			isa = XCConfigurationList;
			buildConfigurations = (
				BA9863B420F6985300B62AA4 /* Debug */,
				BA9863B520F6985300B62AA4 /* Release */,
			);
			defaultConfigurationIsVisible = 0;
			defaultConfigurationName = Release;
		};
		BA9863B620F6985300B62AA4 /* Build configuration list for PBXNativeTarget "NYTimes" */ = {
			isa = XCConfigurationList;
			buildConfigurations = (
				BA9863B720F6985300B62AA4 /* Debug */,
				BA9863B820F6985300B62AA4 /* Release */,
			);
			defaultConfigurationIsVisible = 0;
			defaultConfigurationName = Release;
		};
		BA9863B920F6985300B62AA4 /* Build configuration list for PBXNativeTarget "NYTimesTests" */ = {
			isa = XCConfigurationList;
			buildConfigurations = (
				BA9863BA20F6985300B62AA4 /* Debug */,
				BA9863BB20F6985300B62AA4 /* Release */,
			);
			defaultConfigurationIsVisible = 0;
			defaultConfigurationName = Release;
		};
		BA9863BC20F6985300B62AA4 /* Build configuration list for PBXNativeTarget "NYTimesUITests" */ = {
			isa = XCConfigurationList;
			buildConfigurations = (
				BA9863BD20F6985300B62AA4 /* Debug */,
				BA9863BE20F6985300B62AA4 /* Release */,
			);
			defaultConfigurationIsVisible = 0;
			defaultConfigurationName = Release;
		};
/* End XCConfigurationList section */
	};
	rootObject = BA98638620F6985100B62AA4 /* Project object */;
}
